
Microsoft Visual Studio Solution File, Format Version 12.00
# Visual Studio 2013
VisualStudioVersion = 12.0.21005.1
MinimumVisualStudioVersion = 10.0.40219.1
Project("{FAE04EC0-301F-11D3-BF4B-00C04F79EFBC}") = "EXViewer.Test", "EXViewer.Test\EXViewer.Test.csproj", "{C8ED75C2-2156-4A16-891D-4FE1A47FD2CD}"
EndProject
Global
	GlobalSection(SolutionConfigurationPlatforms) = preSolution
		Debug|Any CPU = Debug|Any CPU
		Release|Any CPU = Release|Any CPU
	EndGlobalSection
	GlobalSection(ProjectConfigurationPlatforms) = postSolution
		{C8ED75C2-2156-4A16-891D-4FE1A47FD2CD}.Debug|Any CPU.ActiveCfg = Debug|Any CPU
		{C8ED75C2-2156-4A16-891D-4FE1A47FD2CD}.Debug|Any CPU.Build.0 = Debug|Any CPU
		{C8ED75C2-2156-4A16-891D-4FE1A47FD2CD}.Release|Any CPU.ActiveCfg = Release|Any CPU
		{C8ED75C2-2156-4A16-891D-4FE1A47FD2CD}.Release|Any CPU.Build.0 = Release|Any CPU
	EndGlobalSection
	GlobalSection(SolutionProperties) = preSolution
		HideSolutionNode = FALSE
	EndGlobalSection
EndGlobal
